
Microsoft Visual Studio Solution File, Format Version 12.00
# Visual Studio Version 17
VisualStudioVersion = 17.12.35707.178
MinimumVisualStudioVersion = 10.0.40219.1
Project("{FAE04EC0-301F-11D3-BF4B-00C04F79EFBC}") = "GodotNetModExample.Child", "GodotNetModExample.Child\GodotNetModExample.Child.csproj", "{4AB147E5-C77B-4618-812D-57A277E7B2A6}"
EndProject
Project("{2150E333-8FDC-42A3-9474-1A3956D46DE8}") = "Solution Items", "Solution Items", "{3A200189-BF93-4975-8019-8176666215C6}"
	ProjectSection(SolutionItems) = preProject
		.editorconfig = .editorconfig
		.gitattributes = .gitattributes
		.gitignore = .gitignore
		export.sh = export.sh
	EndProjectSection
EndProject
Project("{FAE04EC0-301F-11D3-BF4B-00C04F79EFBC}") = "GodotNetModExample.ChildLib", "GodotNetModExample.ChildLib\GodotNetModExample.ChildLib.csproj", "{4837820C-3BD7-4A4C-95AA-42ACC300498E}"
EndProject
Project("{FAE04EC0-301F-11D3-BF4B-00C04F79EFBC}") = "GodotNetModExample.Shared", "GodotNetModExample.Child\Shared\GodotNetModExample.Shared.csproj", "{5889B17A-20DE-A102-DA0D-57039183782E}"
EndProject
Global
	GlobalSection(SolutionConfigurationPlatforms) = preSolution
		Debug|Any CPU = Debug|Any CPU
		ExportDebug|Any CPU = ExportDebug|Any CPU
		ExportRelease|Any CPU = ExportRelease|Any CPU
	EndGlobalSection
	GlobalSection(ProjectConfigurationPlatforms) = postSolution
		{4AB147E5-C77B-4618-812D-57A277E7B2A6}.Debug|Any CPU.ActiveCfg = Debug|Any CPU
		{4AB147E5-C77B-4618-812D-57A277E7B2A6}.Debug|Any CPU.Build.0 = Debug|Any CPU
		{4AB147E5-C77B-4618-812D-57A277E7B2A6}.ExportDebug|Any CPU.ActiveCfg = ExportDebug|Any CPU
		{4AB147E5-C77B-4618-812D-57A277E7B2A6}.ExportDebug|Any CPU.Build.0 = ExportDebug|Any CPU
		{4AB147E5-C77B-4618-812D-57A277E7B2A6}.ExportRelease|Any CPU.ActiveCfg = ExportRelease|Any CPU
		{4AB147E5-C77B-4618-812D-57A277E7B2A6}.ExportRelease|Any CPU.Build.0 = ExportRelease|Any CPU
		{4837820C-3BD7-4A4C-95AA-42ACC300498E}.Debug|Any CPU.ActiveCfg = Debug|Any CPU
		{4837820C-3BD7-4A4C-95AA-42ACC300498E}.Debug|Any CPU.Build.0 = Debug|Any CPU
		{4837820C-3BD7-4A4C-95AA-42ACC300498E}.ExportDebug|Any CPU.ActiveCfg = Release|Any CPU
		{4837820C-3BD7-4A4C-95AA-42ACC300498E}.ExportDebug|Any CPU.Build.0 = Release|Any CPU
		{4837820C-3BD7-4A4C-95AA-42ACC300498E}.ExportRelease|Any CPU.ActiveCfg = Release|Any CPU
		{4837820C-3BD7-4A4C-95AA-42ACC300498E}.ExportRelease|Any CPU.Build.0 = Release|Any CPU
		{5889B17A-20DE-A102-DA0D-57039183782E}.Debug|Any CPU.ActiveCfg = Debug|Any CPU
		{5889B17A-20DE-A102-DA0D-57039183782E}.Debug|Any CPU.Build.0 = Debug|Any CPU
		{5889B17A-20DE-A102-DA0D-57039183782E}.ExportDebug|Any CPU.ActiveCfg = ExportDebug|Any CPU
		{5889B17A-20DE-A102-DA0D-57039183782E}.ExportDebug|Any CPU.Build.0 = ExportDebug|Any CPU
		{5889B17A-20DE-A102-DA0D-57039183782E}.ExportRelease|Any CPU.ActiveCfg = ExportRelease|Any CPU
		{5889B17A-20DE-A102-DA0D-57039183782E}.ExportRelease|Any CPU.Build.0 = ExportRelease|Any CPU
	EndGlobalSection
	GlobalSection(SolutionProperties) = preSolution
		HideSolutionNode = FALSE
	EndGlobalSection
EndGlobal
